<?xml version="1.0" encoding="UTF-8" standalone="yes" ?>
<CodeBlocks_project_file>
	<FileVersion major="1" minor="6" />
	<Project>
		<Option title="Filters" />
		<Option pch_mode="2" />
		<Option compiler="gcc" />
		<Build>
			<Target title="Debug">
				<Option output="bin/Debug/Filters" prefix_auto="1" extension_auto="1" />
				<Option object_output="obj/Debug/" />
				<Option type="1" />
				<Option compiler="gcc" />
				<Compiler>
					<Add option="-g" />
				</Compiler>
			</Target>
			<Target title="Release">
				<Option output="bin/Release/Filters" prefix_auto="1" extension_auto="1" />
				<Option object_output="obj/Release/" />
				<Option type="1" />
				<Option compiler="gcc" />
				<Compiler>
					<Add option="-O2" />
				</Compiler>
				<Linker>
					<Add option="-s" />
				</Linker>
			</Target>
		</Build>
		<Compiler>
			<Add option="-Wall" />
		</Compiler>
		<Unit filename="MA_filter.c">
			<Option compilerVar="CC" />
		</Unit>
		<Unit filename="MA_filter.h" />
		<Unit filename="Sinus.c">
			<Option compilerVar="CC" />
		</Unit>
		<Unit filename="Sinus.h" />
		<Unit filename="averrage_filter.c">
			<Option compilerVar="CC" />
		</Unit>
		<Unit filename="averrage_filter.h" />
		<Unit filename="files.c">
			<Option compilerVar="CC" />
		</Unit>
		<Unit filename="files.h" />
		<Unit filename="main.c">
			<Option compilerVar="CC" />
		</Unit>
		<Unit filename="median_filter.c">
			<Option compilerVar="CC" />
		</Unit>
		<Unit filename="median_filter.h" />
		<Unit filename="noise.c">
			<Option compilerVar="CC" />
		</Unit>
		<Unit filename="noise.h" />
		<Unit filename="sqr_averrage_filter.c">
			<Option compilerVar="CC" />
		</Unit>
		<Unit filename="sqr_averrage_filter.h" />
		<Extensions>
			<lib_finder disable_auto="1" />
		</Extensions>
	</Project>
</CodeBlocks_project_file>
